github.com/mrlm-net/simconnect v0.19.12 h1:dbfOwVVbXWYuS/BR+FSNIjGK2EHL2ZYyNevcqWSyGOE=
github.com/mrlm-net/simconnect v0.19.12/go.mod h1:0wL5/YiIiuctzFQiWpkHKf9Q26csD1XxBITpThMenbU=
github.com/mrlm-net/voice-goio v0.13.1 h1:OTcl1LflqTWDPiw9Nm7ikfWwpYtBCpxEt8CnNZ0uHtY=
github.com/mrlm-net/voice-goio v0.13.1/go.mod h1:xM3AyYMgmYulQ9TA0inLrdUVuDr7np0la8CiE2rHG2U=
