github.com/mrlm-net/simconnect v0.19.7 h1:NMsVrPA34ZNLaTKDiJ1fJy/TdnEZ1xlSJ0FXeC9ObYw=
github.com/mrlm-net/simconnect v0.19.7/go.mod h1:0wL5/YiIiuctzFQiWpkHKf9Q26csD1XxBITpThMenbU=
github.com/mrlm-net/voice-goio v0.13.0 h1:of/wg/CGq8fW1XaPA6zfCnh7qfkPdJNBUE6QHHk4mMM=
github.com/mrlm-net/voice-goio v0.13.0/go.mod h1:xM3AyYMgmYulQ9TA0inLrdUVuDr7np0la8CiE2rHG2U=
